
Microsoft Visual Studio Solution File, Format Version 12.00
# Visual Studio Version 17
VisualStudioVersion = 17.11.35327.3
MinimumVisualStudioVersion = 10.0.40219.1
Project("{FAE04EC0-301F-11D3-BF4B-00C04F79EFBC}") = "MyFirstMVCApp", "MyFirstMVCApp\MyFirstMVCApp.csproj", "{69D0C21D-3C4B-45A5-96EA-DD348E597CF3}"
EndProject
Global
	GlobalSection(SolutionConfigurationPlatforms) = preSolution
		Debug|Any CPU = Debug|Any CPU
		Release|Any CPU = Release|Any CPU
	EndGlobalSection
	GlobalSection(ProjectConfigurationPlatforms) = postSolution
		{69D0C21D-3C4B-45A5-96EA-DD348E597CF3}.Debug|Any CPU.ActiveCfg = Debug|Any CPU
		{69D0C21D-3C4B-45A5-96EA-DD348E597CF3}.Debug|Any CPU.Build.0 = Debug|Any CPU
		{69D0C21D-3C4B-45A5-96EA-DD348E597CF3}.Release|Any CPU.ActiveCfg = Release|Any CPU
		{69D0C21D-3C4B-45A5-96EA-DD348E597CF3}.Release|Any CPU.Build.0 = Release|Any CPU
	EndGlobalSection
	GlobalSection(SolutionProperties) = preSolution
		HideSolutionNode = FALSE
	EndGlobalSection
	GlobalSection(ExtensibilityGlobals) = postSolution
		SolutionGuid = {D676A2D4-59B8-46A9-B8CD-B9B0C7480589}
	EndGlobalSection
EndGlobal
